
Microsoft Visual Studio Solution File, Format Version 12.00
# Visual Studio Version 17
VisualStudioVersion = 17.2.32616.157
MinimumVisualStudioVersion = 10.0.40219.1
Project("{FAE04EC0-301F-11D3-BF4B-00C04F79EFBC}") = "MarsRover", "MarsRover.csproj", "{DE4A20C7-DD99-4F2A-8635-0447D95D1F05}"
EndProject
Global
	GlobalSection(SolutionConfigurationPlatforms) = preSolution
		Debug|Any CPU = Debug|Any CPU
		Release|Any CPU = Release|Any CPU
	EndGlobalSection
	GlobalSection(ProjectConfigurationPlatforms) = postSolution
		{DE4A20C7-DD99-4F2A-8635-0447D95D1F05}.Debug|Any CPU.ActiveCfg = Debug|Any CPU
		{DE4A20C7-DD99-4F2A-8635-0447D95D1F05}.Debug|Any CPU.Build.0 = Debug|Any CPU
		{DE4A20C7-DD99-4F2A-8635-0447D95D1F05}.Release|Any CPU.ActiveCfg = Release|Any CPU
		{DE4A20C7-DD99-4F2A-8635-0447D95D1F05}.Release|Any CPU.Build.0 = Release|Any CPU
	EndGlobalSection
	GlobalSection(SolutionProperties) = preSolution
		HideSolutionNode = FALSE
	EndGlobalSection
	GlobalSection(ExtensibilityGlobals) = postSolution
		SolutionGuid = {68E9730B-6CF3-488E-92B4-4795E5FD7EC3}
	EndGlobalSection
EndGlobal
